
Microsoft Visual Studio Solution File, Format Version 12.00
# Visual Studio Version 16
VisualStudioVersion = 16.0.31729.503
MinimumVisualStudioVersion = 10.0.40219.1
Project("{2150E333-8FDC-42A3-9474-1A3956D46DE8}") = "Services", "Services", "{9246017B-530C-42AF-B083-D84B78A11708}"
EndProject
Project("{2150E333-8FDC-42A3-9474-1A3956D46DE8}") = "Catalog", "Catalog", "{2C50C7C2-07BA-494E-9B39-1160EA74F125}"
EndProject
Project("{FAE04EC0-301F-11D3-BF4B-00C04F79EFBC}") = "Catalog.API", "Services\Catalog\Catalog.API\Catalog.API.csproj", "{6A694F4B-25D2-4A86-A509-307479B03FA4}"
EndProject
Global
	GlobalSection(SolutionConfigurationPlatforms) = preSolution
		Debug|Any CPU = Debug|Any CPU
		Release|Any CPU = Release|Any CPU
	EndGlobalSection
	GlobalSection(ProjectConfigurationPlatforms) = postSolution
		{6A694F4B-25D2-4A86-A509-307479B03FA4}.Debug|Any CPU.ActiveCfg = Debug|Any CPU
		{6A694F4B-25D2-4A86-A509-307479B03FA4}.Debug|Any CPU.Build.0 = Debug|Any CPU
		{6A694F4B-25D2-4A86-A509-307479B03FA4}.Release|Any CPU.ActiveCfg = Release|Any CPU
		{6A694F4B-25D2-4A86-A509-307479B03FA4}.Release|Any CPU.Build.0 = Release|Any CPU
	EndGlobalSection
	GlobalSection(SolutionProperties) = preSolution
		HideSolutionNode = FALSE
	EndGlobalSection
	GlobalSection(NestedProjects) = preSolution
		{2C50C7C2-07BA-494E-9B39-1160EA74F125} = {9246017B-530C-42AF-B083-D84B78A11708}
		{6A694F4B-25D2-4A86-A509-307479B03FA4} = {2C50C7C2-07BA-494E-9B39-1160EA74F125}
	EndGlobalSection
	GlobalSection(ExtensibilityGlobals) = postSolution
		SolutionGuid = {6D8E09AC-938E-44F3-AF31-75CFC21D87B8}
	EndGlobalSection
EndGlobal
